// !$*UTF8*$!
{
	archiveVersion = 1;
	classes = {
	};
	objectVersion = 55;
	objects = {

/* Begin PBXBuildFile section */
		58B9377D586E9F84E0501283 /* Pods_MemoProject.framework in Frameworks */ = {isa = PBXBuildFile; fileRef = 02856E0A185570F61349B69B /* Pods_MemoProject.framework */; };
		A2B2F33A2900A266001112CF /* CompListViewController.swift in Sources */ = {isa = PBXBuildFile; fileRef = A2B2F3392900A266001112CF /* CompListViewController.swift */; };
		A2B2F33C2900A446001112CF /* CompListView.swift in Sources */ = {isa = PBXBuildFile; fileRef = A2B2F33B2900A446001112CF /* CompListView.swift */; };
		A2B2F33E2900ACD9001112CF /* Results+Extension.swift in Sources */ = {isa = PBXBuildFile; fileRef = A2B2F33D2900ACD9001112CF /* Results+Extension.swift */; };
		A2B3018928C0594700D020B2 /* AppDelegate.swift in Sources */ = {isa = PBXBuildFile; fileRef = A2B3018828C0594700D020B2 /* AppDelegate.swift */; };
		A2B3018B28C0594700D020B2 /* SceneDelegate.swift in Sources */ = {isa = PBXBuildFile; fileRef = A2B3018A28C0594700D020B2 /* SceneDelegate.swift */; };
		A2B3018D28C0594700D020B2 /* ViewController.swift in Sources */ = {isa = PBXBuildFile; fileRef = A2B3018C28C0594700D020B2 /* ViewController.swift */; };
		A2B3019028C0594700D020B2 /* Main.storyboard in Resources */ = {isa = PBXBuildFile; fileRef = A2B3018E28C0594700D020B2 /* Main.storyboard */; };
		A2B3019228C0594900D020B2 /* Assets.xcassets in Resources */ = {isa = PBXBuildFile; fileRef = A2B3019128C0594900D020B2 /* Assets.xcassets */; };
		A2B3019528C0594900D020B2 /* LaunchScreen.storyboard in Resources */ = {isa = PBXBuildFile; fileRef = A2B3019328C0594900D020B2 /* LaunchScreen.storyboard */; };
		A2B3019D28C0596D00D020B2 /* .gitignore in Resources */ = {isa = PBXBuildFile; fileRef = A2B3019C28C0596D00D020B2 /* .gitignore */; };
		A2B301A628C0F67C00D020B2 /* SnapKit in Frameworks */ = {isa = PBXBuildFile; productRef = A2B301A528C0F67C00D020B2 /* SnapKit */; };
		A2B301A928C0F68E00D020B2 /* Then in Frameworks */ = {isa = PBXBuildFile; productRef = A2B301A828C0F68E00D020B2 /* Then */; };
		A2B301AC28C0F71500D020B2 /* Realm in Frameworks */ = {isa = PBXBuildFile; productRef = A2B301AB28C0F71500D020B2 /* Realm */; };
		A2B301AE28C0F71500D020B2 /* RealmSwift in Frameworks */ = {isa = PBXBuildFile; productRef = A2B301AD28C0F71500D020B2 /* RealmSwift */; };
		A2B301C228C2095700D020B2 /* UIViewController+Extension.swift in Sources */ = {isa = PBXBuildFile; fileRef = A2B301C128C2095700D020B2 /* UIViewController+Extension.swift */; };
		A2B301C928C212F900D020B2 /* ListViewController.swift in Sources */ = {isa = PBXBuildFile; fileRef = A2B301C828C212F900D020B2 /* ListViewController.swift */; };
		A2B301CD28C31D9400D020B2 /* BaseViewController.swift in Sources */ = {isa = PBXBuildFile; fileRef = A2B301CC28C31D9400D020B2 /* BaseViewController.swift */; };
		A2B301CF28C31F1400D020B2 /* ListView.swift in Sources */ = {isa = PBXBuildFile; fileRef = A2B301CE28C31F1400D020B2 /* ListView.swift */; };
		A2B301D128C31F4400D020B2 /* BaseView.swift in Sources */ = {isa = PBXBuildFile; fileRef = A2B301D028C31F4400D020B2 /* BaseView.swift */; };
		A2F1D9BE28C368C100C3B010 /* Memo.swift in Sources */ = {isa = PBXBuildFile; fileRef = A2F1D9BD28C368C100C3B010 /* Memo.swift */; };
		A2F1D9C028C36BCA00C3B010 /* MemoRepository.swift in Sources */ = {isa = PBXBuildFile; fileRef = A2F1D9BF28C36BCA00C3B010 /* MemoRepository.swift */; };
		A2F1D9C828C3748C00C3B010 /* WriteView.swift in Sources */ = {isa = PBXBuildFile; fileRef = A2F1D9C728C3748C00C3B010 /* WriteView.swift */; };
		A2F1D9CA28C3749E00C3B010 /* WriteViewController.swift in Sources */ = {isa = PBXBuildFile; fileRef = A2F1D9C928C3749E00C3B010 /* WriteViewController.swift */; };
		A2F1D9CC28C4083A00C3B010 /* Date+Extension.swift in Sources */ = {isa = PBXBuildFile; fileRef = A2F1D9CB28C4083A00C3B010 /* Date+Extension.swift */; };
		A2F1D9CE28C4A79000C3B010 /* UILabel+Extension.swift in Sources */ = {isa = PBXBuildFile; fileRef = A2F1D9CD28C4A79000C3B010 /* UILabel+Extension.swift */; };
		A2F1D9D228C4CD7900C3B010 /* WalkthroughViewController.swift in Sources */ = {isa = PBXBuildFile; fileRef = A2F1D9D128C4CD7900C3B010 /* WalkthroughViewController.swift */; };
		A2F1D9D528C4DA1000C3B010 /* LandscapeManager.swift in Sources */ = {isa = PBXBuildFile; fileRef = A2F1D9D428C4DA1000C3B010 /* LandscapeManager.swift */; };
/* End PBXBuildFile section */

/* Begin PBXFileReference section */
		02856E0A185570F61349B69B /* Pods_MemoProject.framework */ = {isa = PBXFileReference; explicitFileType = wrapper.framework; includeInIndex = 0; path = Pods_MemoProject.framework; sourceTree = BUILT_PRODUCTS_DIR; };
		930A9A460249834034C5BE19 /* Pods-MemoProject.debug.xcconfig */ = {isa = PBXFileReference; includeInIndex = 1; lastKnownFileType = text.xcconfig; name = "Pods-MemoProject.debug.xcconfig"; path = "Target Support Files/Pods-MemoProject/Pods-MemoProject.debug.xcconfig"; sourceTree = "<group>"; };
		A2B2F3392900A266001112CF /* CompListViewController.swift */ = {isa = PBXFileReference; lastKnownFileType = sourcecode.swift; path = CompListViewController.swift; sourceTree = "<group>"; };
		A2B2F33B2900A446001112CF /* CompListView.swift */ = {isa = PBXFileReference; lastKnownFileType = sourcecode.swift; path = CompListView.swift; sourceTree = "<group>"; };
		A2B2F33D2900ACD9001112CF /* Results+Extension.swift */ = {isa = PBXFileReference; lastKnownFileType = sourcecode.swift; path = "Results+Extension.swift"; sourceTree = "<group>"; };
		A2B3018528C0594700D020B2 /* MemoProject.app */ = {isa = PBXFileReference; explicitFileType = wrapper.application; includeInIndex = 0; path = MemoProject.app; sourceTree = BUILT_PRODUCTS_DIR; };
		A2B3018828C0594700D020B2 /* AppDelegate.swift */ = {isa = PBXFileReference; lastKnownFileType = sourcecode.swift; path = AppDelegate.swift; sourceTree = "<group>"; };
		A2B3018A28C0594700D020B2 /* SceneDelegate.swift */ = {isa = PBXFileReference; lastKnownFileType = sourcecode.swift; path = SceneDelegate.swift; sourceTree = "<group>"; };
		A2B3018C28C0594700D020B2 /* ViewController.swift */ = {isa = PBXFileReference; lastKnownFileType = sourcecode.swift; path = ViewController.swift; sourceTree = "<group>"; };
		A2B3018F28C0594700D020B2 /* Base */ = {isa = PBXFileReference; lastKnownFileType = file.storyboard; name = Base; path = Base.lproj/Main.storyboard; sourceTree = "<group>"; };
		A2B3019128C0594900D020B2 /* Assets.xcassets */ = {isa = PBXFileReference; lastKnownFileType = folder.assetcatalog; path = Assets.xcassets; sourceTree = "<group>"; };
		A2B3019428C0594900D020B2 /* Base */ = {isa = PBXFileReference; lastKnownFileType = file.storyboard; name = Base; path = Base.lproj/LaunchScreen.storyboard; sourceTree = "<group>"; };
		A2B3019628C0594900D020B2 /* Info.plist */ = {isa = PBXFileReference; lastKnownFileType = text.plist.xml; path = Info.plist; sourceTree = "<group>"; };
		A2B3019C28C0596D00D020B2 /* .gitignore */ = {isa = PBXFileReference; lastKnownFileType = text; path = .gitignore; sourceTree = "<group>"; };
		A2B301C128C2095700D020B2 /* UIViewController+Extension.swift */ = {isa = PBXFileReference; lastKnownFileType = sourcecode.swift; name = "UIViewController+Extension.swift"; path = "MemoProject/Global/Extensions/UIViewController+Extension.swift"; sourceTree = SOURCE_ROOT; };
		A2B301C828C212F900D020B2 /* ListViewController.swift */ = {isa = PBXFileReference; lastKnownFileType = sourcecode.swift; path = ListViewController.swift; sourceTree = "<group>"; };
		A2B301CC28C31D9400D020B2 /* BaseViewController.swift */ = {isa = PBXFileReference; lastKnownFileType = sourcecode.swift; path = BaseViewController.swift; sourceTree = "<group>"; };
		A2B301CE28C31F1400D020B2 /* ListView.swift */ = {isa = PBXFileReference; lastKnownFileType = sourcecode.swift; path = ListView.swift; sourceTree = "<group>"; };
		A2B301D028C31F4400D020B2 /* BaseView.swift */ = {isa = PBXFileReference; lastKnownFileType = sourcecode.swift; path = BaseView.swift; sourceTree = "<group>"; };
		A2F1D9BD28C368C100C3B010 /* Memo.swift */ = {isa = PBXFileReference; lastKnownFileType = sourcecode.swift; path = Memo.swift; sourceTree = "<group>"; };
		A2F1D9BF28C36BCA00C3B010 /* MemoRepository.swift */ = {isa = PBXFileReference; lastKnownFileType = sourcecode.swift; path = MemoRepository.swift; sourceTree = "<group>"; };
		A2F1D9C728C3748C00C3B010 /* WriteView.swift */ = {isa = PBXFileReference; lastKnownFileType = sourcecode.swift; path = WriteView.swift; sourceTree = "<group>"; };
		A2F1D9C928C3749E00C3B010 /* WriteViewController.swift */ = {isa = PBXFileReference; lastKnownFileType = sourcecode.swift; path = WriteViewController.swift; sourceTree = "<group>"; };
		A2F1D9CB28C4083A00C3B010 /* Date+Extension.swift */ = {isa = PBXFileReference; lastKnownFileType = sourcecode.swift; path = "Date+Extension.swift"; sourceTree = "<group>"; };
		A2F1D9CD28C4A79000C3B010 /* UILabel+Extension.swift */ = {isa = PBXFileReference; lastKnownFileType = sourcecode.swift; path = "UILabel+Extension.swift"; sourceTree = "<group>"; };
		A2F1D9D128C4CD7900C3B010 /* WalkthroughViewController.swift */ = {isa = PBXFileReference; lastKnownFileType = sourcecode.swift; path = WalkthroughViewController.swift; sourceTree = "<group>"; };
		A2F1D9D428C4DA1000C3B010 /* LandscapeManager.swift */ = {isa = PBXFileReference; lastKnownFileType = sourcecode.swift; path = LandscapeManager.swift; sourceTree = "<group>"; };
		FCA89A43FDA1AEE70265714F /* Pods-MemoProject.release.xcconfig */ = {isa = PBXFileReference; includeInIndex = 1; lastKnownFileType = text.xcconfig; name = "Pods-MemoProject.release.xcconfig"; path = "Target Support Files/Pods-MemoProject/Pods-MemoProject.release.xcconfig"; sourceTree = "<group>"; };
/* End PBXFileReference section */

/* Begin PBXFrameworksBuildPhase section */
		A2B3018228C0594700D020B2 /* Frameworks */ = {
			isa = PBXFrameworksBuildPhase;
			buildActionMask = 2147483647;
			files = (
				A2B301AE28C0F71500D020B2 /* RealmSwift in Frameworks */,
				A2B301AC28C0F71500D020B2 /* Realm in Frameworks */,
				A2B301A628C0F67C00D020B2 /* SnapKit in Frameworks */,
				A2B301A928C0F68E00D020B2 /* Then in Frameworks */,
				58B9377D586E9F84E0501283 /* Pods_MemoProject.framework in Frameworks */,
			);
			runOnlyForDeploymentPostprocessing = 0;
		};
/* End PBXFrameworksBuildPhase section */

/* Begin PBXGroup section */
		67BECD5BAB6539952E1DD5E3 /* Frameworks */ = {
			isa = PBXGroup;
			children = (
				02856E0A185570F61349B69B /* Pods_MemoProject.framework */,
			);
			name = Frameworks;
			sourceTree = "<group>";
		};
		A2B3017C28C0594700D020B2 = {
			isa = PBXGroup;
			children = (
				A2B3019C28C0596D00D020B2 /* .gitignore */,
				A2B3018728C0594700D020B2 /* MemoProject */,
				A2B3018628C0594700D020B2 /* Products */,
				CF3F75919AB4005AAB4D54AD /* Pods */,
				67BECD5BAB6539952E1DD5E3 /* Frameworks */,
			);
			sourceTree = "<group>";
		};
		A2B3018628C0594700D020B2 /* Products */ = {
			isa = PBXGroup;
			children = (
				A2B3018528C0594700D020B2 /* MemoProject.app */,
			);
			name = Products;
			sourceTree = "<group>";
		};
		A2B3018728C0594700D020B2 /* MemoProject */ = {
			isa = PBXGroup;
			children = (
				A2B301B228C1D77300D020B2 /* Application */,
				A2B301B328C1D79B00D020B2 /* Global */,
				A2B301BA28C1D8E400D020B2 /* Presentation */,
				A2B3019628C0594900D020B2 /* Info.plist */,
				A2B301CB28C31D6B00D020B2 /* Utility */,
				A2B301BB28C1D8F500D020B2 /* Data */,
				A2F1D9B928C367C200C3B010 /* Domain */,
			);
			path = MemoProject;
			sourceTree = "<group>";
		};
		A2B301B228C1D77300D020B2 /* Application */ = {
			isa = PBXGroup;
			children = (
				A2F1D9D328C4DA0100C3B010 /* Manager */,
				A2B3018828C0594700D020B2 /* AppDelegate.swift */,
				A2B3018A28C0594700D020B2 /* SceneDelegate.swift */,
			);
			path = Application;
			sourceTree = "<group>";
		};
		A2B301B328C1D79B00D020B2 /* Global */ = {
			isa = PBXGroup;
			children = (
				A2B301B428C1D80C00D020B2 /* Extensions */,
				A2B301B528C1D81800D020B2 /* Literals */,
				A2B301B628C1D84100D020B2 /* Protocols */,
				A2B301B728C1D85C00D020B2 /* Resources */,
				A2B301B828C1D8A800D020B2 /* Supporting Files */,
			);
			path = Global;
			sourceTree = "<group>";
		};
		A2B301B428C1D80C00D020B2 /* Extensions */ = {
			isa = PBXGroup;
			children = (
				A2B301C128C2095700D020B2 /* UIViewController+Extension.swift */,
				A2F1D9CD28C4A79000C3B010 /* UILabel+Extension.swift */,
				A2F1D9CB28C4083A00C3B010 /* Date+Extension.swift */,
				A2B2F33D2900ACD9001112CF /* Results+Extension.swift */,
			);
			path = Extensions;
			sourceTree = "<group>";
		};
		A2B301B528C1D81800D020B2 /* Literals */ = {
			isa = PBXGroup;
			children = (
			);
			path = Literals;
			sourceTree = "<group>";
		};
		A2B301B628C1D84100D020B2 /* Protocols */ = {
			isa = PBXGroup;
			children = (
			);
			path = Protocols;
			sourceTree = "<group>";
		};
		A2B301B728C1D85C00D020B2 /* Resources */ = {
			isa = PBXGroup;
			children = (
				A2B3019128C0594900D020B2 /* Assets.xcassets */,
			);
			path = Resources;
			sourceTree = "<group>";
		};
		A2B301B828C1D8A800D020B2 /* Supporting Files */ = {
			isa = PBXGroup;
			children = (
				A2B301B928C1D8BB00D020B2 /* Base */,
			);
			path = "Supporting Files";
			sourceTree = "<group>";
		};
		A2B301B928C1D8BB00D020B2 /* Base */ = {
			isa = PBXGroup;
			children = (
				A2B3019328C0594900D020B2 /* LaunchScreen.storyboard */,
			);
			path = Base;
			sourceTree = "<group>";
		};
		A2B301BA28C1D8E400D020B2 /* Presentation */ = {
			isa = PBXGroup;
			children = (
				A2F1D9BC28C3684600C3B010 /* Main(disused) */,
				A2F1D9D028C4CD6B00C3B010 /* Walkthrough */,
				A2F1D9C428C3746100C3B010 /* Write */,
				A2B301C728C212EF00D020B2 /* List */,
			);
			path = Presentation;
			sourceTree = "<group>";
		};
		A2B301BB28C1D8F500D020B2 /* Data */ = {
			isa = PBXGroup;
			children = (
				A2F1D9BA28C367F300C3B010 /* Repository */,
			);
			path = Data;
			sourceTree = "<group>";
		};
		A2B301C728C212EF00D020B2 /* List */ = {
			isa = PBXGroup;
			children = (
				A2B301C828C212F900D020B2 /* ListViewController.swift */,
				A2B301CE28C31F1400D020B2 /* ListView.swift */,
				A2B2F3392900A266001112CF /* CompListViewController.swift */,
				A2B2F33B2900A446001112CF /* CompListView.swift */,
			);
			path = List;
			sourceTree = "<group>";
		};
		A2B301CB28C31D6B00D020B2 /* Utility */ = {
			isa = PBXGroup;
			children = (
				A2B301CC28C31D9400D020B2 /* BaseViewController.swift */,
				A2B301D028C31F4400D020B2 /* BaseView.swift */,
			);
			path = Utility;
			sourceTree = "<group>";
		};
		A2F1D9B928C367C200C3B010 /* Domain */ = {
			isa = PBXGroup;
			children = (
				A2F1D9BB28C367FB00C3B010 /* Model */,
			);
			path = Domain;
			sourceTree = "<group>";
		};
		A2F1D9BA28C367F300C3B010 /* Repository */ = {
			isa = PBXGroup;
			children = (
				A2F1D9BF28C36BCA00C3B010 /* MemoRepository.swift */,
			);
			path = Repository;
			sourceTree = "<group>";
		};
		A2F1D9BB28C367FB00C3B010 /* Model */ = {
			isa = PBXGroup;
			children = (
				A2F1D9BD28C368C100C3B010 /* Memo.swift */,
			);
			path = Model;
			sourceTree = "<group>";
		};
		A2F1D9BC28C3684600C3B010 /* Main(disused) */ = {
			isa = PBXGroup;
			children = (
				A2B3018C28C0594700D020B2 /* ViewController.swift */,
				A2B3018E28C0594700D020B2 /* Main.storyboard */,
			);
			path = "Main(disused)";
			sourceTree = "<group>";
		};
		A2F1D9C428C3746100C3B010 /* Write */ = {
			isa = PBXGroup;
			children = (
				A2F1D9C928C3749E00C3B010 /* WriteViewController.swift */,
				A2F1D9C728C3748C00C3B010 /* WriteView.swift */,
			);
			path = Write;
			sourceTree = "<group>";
		};
		A2F1D9D028C4CD6B00C3B010 /* Walkthrough */ = {
			isa = PBXGroup;
			children = (
				A2F1D9D128C4CD7900C3B010 /* WalkthroughViewController.swift */,
			);
			path = Walkthrough;
			sourceTree = "<group>";
		};
		A2F1D9D328C4DA0100C3B010 /* Manager */ = {
			isa = PBXGroup;
			children = (
				A2F1D9D428C4DA1000C3B010 /* LandscapeManager.swift */,
			);
			path = Manager;
			sourceTree = "<group>";
		};
		CF3F75919AB4005AAB4D54AD /* Pods */ = {
			isa = PBXGroup;
			children = (
				930A9A460249834034C5BE19 /* Pods-MemoProject.debug.xcconfig */,
				FCA89A43FDA1AEE70265714F /* Pods-MemoProject.release.xcconfig */,
			);
			path = Pods;
			sourceTree = "<group>";
		};
/* End PBXGroup section */

/* Begin PBXNativeTarget section */
		A2B3018428C0594700D020B2 /* MemoProject */ = {
			isa = PBXNativeTarget;
			buildConfigurationList = A2B3019928C0594900D020B2 /* Build configuration list for PBXNativeTarget "MemoProject" */;
			buildPhases = (
				E0B5C83186E00FD1285779F6 /* [CP] Check Pods Manifest.lock */,
				A2B3018128C0594700D020B2 /* Sources */,
				A2B3018228C0594700D020B2 /* Frameworks */,
				A2B3018328C0594700D020B2 /* Resources */,
				CD7DEA13556CD79343DF6FDE /* [CP] Embed Pods Frameworks */,
			);
			buildRules = (
			);
			dependencies = (
			);
			name = MemoProject;
			packageProductDependencies = (
				A2B301A528C0F67C00D020B2 /* SnapKit */,
				A2B301A828C0F68E00D020B2 /* Then */,
				A2B301AB28C0F71500D020B2 /* Realm */,
				A2B301AD28C0F71500D020B2 /* RealmSwift */,
			);
			productName = MemoProject;
			productReference = A2B3018528C0594700D020B2 /* MemoProject.app */;
			productType = "com.apple.product-type.application";
		};
/* End PBXNativeTarget section */

/* Begin PBXProject section */
		A2B3017D28C0594700D020B2 /* Project object */ = {
			isa = PBXProject;
			attributes = {
				BuildIndependentTargetsInParallel = 1;
				LastSwiftUpdateCheck = 1340;
				LastUpgradeCheck = 1340;
				TargetAttributes = {
					A2B3018428C0594700D020B2 = {
						CreatedOnToolsVersion = 13.4.1;
					};
				};
			};
			buildConfigurationList = A2B3018028C0594700D020B2 /* Build configuration list for PBXProject "MemoProject" */;
			compatibilityVersion = "Xcode 13.0";
			developmentRegion = en;
			hasScannedForEncodings = 0;
			knownRegions = (
				en,
				Base,
			);
			mainGroup = A2B3017C28C0594700D020B2;
			packageReferences = (
				A2B301A428C0F67C00D020B2 /* XCRemoteSwiftPackageReference "SnapKit" */,
				A2B301A728C0F68E00D020B2 /* XCRemoteSwiftPackageReference "Then" */,
				A2B301AA28C0F71500D020B2 /* XCRemoteSwiftPackageReference "realm-swift" */,
			);
			productRefGroup = A2B3018628C0594700D020B2 /* Products */;
			projectDirPath = "";
			projectRoot = "";
			targets = (
				A2B3018428C0594700D020B2 /* MemoProject */,
			);
		};
/* End PBXProject section */

/* Begin PBXResourcesBuildPhase section */
		A2B3018328C0594700D020B2 /* Resources */ = {
			isa = PBXResourcesBuildPhase;
			buildActionMask = 2147483647;
			files = (
				A2B3019D28C0596D00D020B2 /* .gitignore in Resources */,
				A2B3019528C0594900D020B2 /* LaunchScreen.storyboard in Resources */,
				A2B3019228C0594900D020B2 /* Assets.xcassets in Resources */,
				A2B3019028C0594700D020B2 /* Main.storyboard in Resources */,
			);
			runOnlyForDeploymentPostprocessing = 0;
		};
/* End PBXResourcesBuildPhase section */

/* Begin PBXShellScriptBuildPhase section */
		CD7DEA13556CD79343DF6FDE /* [CP] Embed Pods Frameworks */ = {
			isa = PBXShellScriptBuildPhase;
			buildActionMask = 2147483647;
			files = (
			);
			inputFileListPaths = (
				"${PODS_ROOT}/Target Support Files/Pods-MemoProject/Pods-MemoProject-frameworks-${CONFIGURATION}-input-files.xcfilelist",
			);
			name = "[CP] Embed Pods Frameworks";
			outputFileListPaths = (
				"${PODS_ROOT}/Target Support Files/Pods-MemoProject/Pods-MemoProject-frameworks-${CONFIGURATION}-output-files.xcfilelist",
			);
			runOnlyForDeploymentPostprocessing = 0;
			shellPath = /bin/sh;
			shellScript = "\"${PODS_ROOT}/Target Support Files/Pods-MemoProject/Pods-MemoProject-frameworks.sh\"\n";
			showEnvVarsInLog = 0;
		};
		E0B5C83186E00FD1285779F6 /* [CP] Check Pods Manifest.lock */ = {
			isa = PBXShellScriptBuildPhase;
			buildActionMask = 2147483647;
			files = (
			);
			inputFileListPaths = (
			);
			inputPaths = (
				"${PODS_PODFILE_DIR_PATH}/Podfile.lock",
				"${PODS_ROOT}/Manifest.lock",
			);
			name = "[CP] Check Pods Manifest.lock";
			outputFileListPaths = (
			);
			outputPaths = (
				"$(DERIVED_FILE_DIR)/Pods-MemoProject-checkManifestLockResult.txt",
			);
			runOnlyForDeploymentPostprocessing = 0;
			shellPath = /bin/sh;
			shellScript = "diff \"${PODS_PODFILE_DIR_PATH}/Podfile.lock\" \"${PODS_ROOT}/Manifest.lock\" > /dev/null\nif [ $? != 0 ] ; then\n    # print error to STDERR\n    echo \"error: The sandbox is not in sync with the Podfile.lock. Run 'pod install' or update your CocoaPods installation.\" >&2\n    exit 1\nfi\n# This output is used by Xcode 'outputs' to avoid re-running this script phase.\necho \"SUCCESS\" > \"${SCRIPT_OUTPUT_FILE_0}\"\n";
			showEnvVarsInLog = 0;
		};
/* End PBXShellScriptBuildPhase section */

/* Begin PBXSourcesBuildPhase section */
		A2B3018128C0594700D020B2 /* Sources */ = {
			isa = PBXSourcesBuildPhase;
			buildActionMask = 2147483647;
			files = (
				A2B301C228C2095700D020B2 /* UIViewController+Extension.swift in Sources */,
				A2F1D9CC28C4083A00C3B010 /* Date+Extension.swift in Sources */,
				A2B3018D28C0594700D020B2 /* ViewController.swift in Sources */,
				A2B2F33C2900A446001112CF /* CompListView.swift in Sources */,
				A2B3018928C0594700D020B2 /* AppDelegate.swift in Sources */,
				A2F1D9C028C36BCA00C3B010 /* MemoRepository.swift in Sources */,
				A2B301CF28C31F1400D020B2 /* ListView.swift in Sources */,
				A2F1D9C828C3748C00C3B010 /* WriteView.swift in Sources */,
				A2F1D9D528C4DA1000C3B010 /* LandscapeManager.swift in Sources */,
				A2B2F33A2900A266001112CF /* CompListViewController.swift in Sources */,
				A2F1D9CA28C3749E00C3B010 /* WriteViewController.swift in Sources */,
				A2B301C928C212F900D020B2 /* ListViewController.swift in Sources */,
				A2F1D9D228C4CD7900C3B010 /* WalkthroughViewController.swift in Sources */,
				A2B3018B28C0594700D020B2 /* SceneDelegate.swift in Sources */,
				A2F1D9CE28C4A79000C3B010 /* UILabel+Extension.swift in Sources */,
				A2B2F33E2900ACD9001112CF /* Results+Extension.swift in Sources */,
				A2F1D9BE28C368C100C3B010 /* Memo.swift in Sources */,
				A2B301CD28C31D9400D020B2 /* BaseViewController.swift in Sources */,
				A2B301D128C31F4400D020B2 /* BaseView.swift in Sources */,
			);
			runOnlyForDeploymentPostprocessing = 0;
		};
/* End PBXSourcesBuildPhase section */

/* Begin PBXVariantGroup section */
		A2B3018E28C0594700D020B2 /* Main.storyboard */ = {
			isa = PBXVariantGroup;
			children = (
				A2B3018F28C0594700D020B2 /* Base */,
			);
			name = Main.storyboard;
			sourceTree = "<group>";
		};
		A2B3019328C0594900D020B2 /* LaunchScreen.storyboard */ = {
			isa = PBXVariantGroup;
			children = (
				A2B3019428C0594900D020B2 /* Base */,
			);
			name = LaunchScreen.storyboard;
			sourceTree = "<group>";
		};
/* End PBXVariantGroup section */

/* Begin XCBuildConfiguration section */
		A2B3019728C0594900D020B2 /* Debug */ = {
			isa = XCBuildConfiguration;
			buildSettings = {
				ALWAYS_SEARCH_USER_PATHS = NO;
				CLANG_ANALYZER_NONNULL = YES;
				CLANG_ANALYZER_NUMBER_OBJECT_CONVERSION = YES_AGGRESSIVE;
				CLANG_CXX_LANGUAGE_STANDARD = "gnu++17";
				CLANG_ENABLE_MODULES = YES;
				CLANG_ENABLE_OBJC_ARC = YES;
				CLANG_ENABLE_OBJC_WEAK = YES;
				CLANG_WARN_BLOCK_CAPTURE_AUTORELEASING = YES;
				CLANG_WARN_BOOL_CONVERSION = YES;
				CLANG_WARN_COMMA = YES;
				CLANG_WARN_CONSTANT_CONVERSION = YES;
				CLANG_WARN_DEPRECATED_OBJC_IMPLEMENTATIONS = YES;
				CLANG_WARN_DIRECT_OBJC_ISA_USAGE = YES_ERROR;
				CLANG_WARN_DOCUMENTATION_COMMENTS = YES;
				CLANG_WARN_EMPTY_BODY = YES;
				CLANG_WARN_ENUM_CONVERSION = YES;
				CLANG_WARN_INFINITE_RECURSION = YES;
				CLANG_WARN_INT_CONVERSION = YES;
				CLANG_WARN_NON_LITERAL_NULL_CONVERSION = YES;
				CLANG_WARN_OBJC_IMPLICIT_RETAIN_SELF = YES;
				CLANG_WARN_OBJC_LITERAL_CONVERSION = YES;
				CLANG_WARN_OBJC_ROOT_CLASS = YES_ERROR;
				CLANG_WARN_QUOTED_INCLUDE_IN_FRAMEWORK_HEADER = YES;
				CLANG_WARN_RANGE_LOOP_ANALYSIS = YES;
				CLANG_WARN_STRICT_PROTOTYPES = YES;
				CLANG_WARN_SUSPICIOUS_MOVE = YES;
				CLANG_WARN_UNGUARDED_AVAILABILITY = YES_AGGRESSIVE;
				CLANG_WARN_UNREACHABLE_CODE = YES;
				CLANG_WARN__DUPLICATE_METHOD_MATCH = YES;
				COPY_PHASE_STRIP = NO;
				DEBUG_INFORMATION_FORMAT = dwarf;
				ENABLE_STRICT_OBJC_MSGSEND = YES;
				ENABLE_TESTABILITY = YES;
				GCC_C_LANGUAGE_STANDARD = gnu11;
				GCC_DYNAMIC_NO_PIC = NO;
				GCC_NO_COMMON_BLOCKS = YES;
				GCC_OPTIMIZATION_LEVEL = 0;
				GCC_PREPROCESSOR_DEFINITIONS = (
					"DEBUG=1",
					"$(inherited)",
				);
				GCC_WARN_64_TO_32_BIT_CONVERSION = YES;
				GCC_WARN_ABOUT_RETURN_TYPE = YES_ERROR;
				GCC_WARN_UNDECLARED_SELECTOR = YES;
				GCC_WARN_UNINITIALIZED_AUTOS = YES_AGGRESSIVE;
				GCC_WARN_UNUSED_FUNCTION = YES;
				GCC_WARN_UNUSED_VARIABLE = YES;
				IPHONEOS_DEPLOYMENT_TARGET = 15.5;
				MTL_ENABLE_DEBUG_INFO = INCLUDE_SOURCE;
				MTL_FAST_MATH = YES;
				ONLY_ACTIVE_ARCH = YES;
				SDKROOT = iphoneos;
				SWIFT_ACTIVE_COMPILATION_CONDITIONS = DEBUG;
				SWIFT_OPTIMIZATION_LEVEL = "-Onone";
			};
			name = Debug;
		};
		A2B3019828C0594900D020B2 /* Release */ = {
			isa = XCBuildConfiguration;
			buildSettings = {
				ALWAYS_SEARCH_USER_PATHS = NO;
				CLANG_ANALYZER_NONNULL = YES;
				CLANG_ANALYZER_NUMBER_OBJECT_CONVERSION = YES_AGGRESSIVE;
				CLANG_CXX_LANGUAGE_STANDARD = "gnu++17";
				CLANG_ENABLE_MODULES = YES;
				CLANG_ENABLE_OBJC_ARC = YES;
				CLANG_ENABLE_OBJC_WEAK = YES;
				CLANG_WARN_BLOCK_CAPTURE_AUTORELEASING = YES;
				CLANG_WARN_BOOL_CONVERSION = YES;
				CLANG_WARN_COMMA = YES;
				CLANG_WARN_CONSTANT_CONVERSION = YES;
				CLANG_WARN_DEPRECATED_OBJC_IMPLEMENTATIONS = YES;
				CLANG_WARN_DIRECT_OBJC_ISA_USAGE = YES_ERROR;
				CLANG_WARN_DOCUMENTATION_COMMENTS = YES;
				CLANG_WARN_EMPTY_BODY = YES;
				CLANG_WARN_ENUM_CONVERSION = YES;
				CLANG_WARN_INFINITE_RECURSION = YES;
				CLANG_WARN_INT_CONVERSION = YES;
				CLANG_WARN_NON_LITERAL_NULL_CONVERSION = YES;
				CLANG_WARN_OBJC_IMPLICIT_RETAIN_SELF = YES;
				CLANG_WARN_OBJC_LITERAL_CONVERSION = YES;
				CLANG_WARN_OBJC_ROOT_CLASS = YES_ERROR;
				CLANG_WARN_QUOTED_INCLUDE_IN_FRAMEWORK_HEADER = YES;
				CLANG_WARN_RANGE_LOOP_ANALYSIS = YES;
				CLANG_WARN_STRICT_PROTOTYPES = YES;
				CLANG_WARN_SUSPICIOUS_MOVE = YES;
				CLANG_WARN_UNGUARDED_AVAILABILITY = YES_AGGRESSIVE;
				CLANG_WARN_UNREACHABLE_CODE = YES;
				CLANG_WARN__DUPLICATE_METHOD_MATCH = YES;
				COPY_PHASE_STRIP = NO;
				DEBUG_INFORMATION_FORMAT = "dwarf-with-dsym";
				ENABLE_NS_ASSERTIONS = NO;
				ENABLE_STRICT_OBJC_MSGSEND = YES;
				GCC_C_LANGUAGE_STANDARD = gnu11;
				GCC_NO_COMMON_BLOCKS = YES;
				GCC_WARN_64_TO_32_BIT_CONVERSION = YES;
				GCC_WARN_ABOUT_RETURN_TYPE = YES_ERROR;
				GCC_WARN_UNDECLARED_SELECTOR = YES;
				GCC_WARN_UNINITIALIZED_AUTOS = YES_AGGRESSIVE;
				GCC_WARN_UNUSED_FUNCTION = YES;
				GCC_WARN_UNUSED_VARIABLE = YES;
				IPHONEOS_DEPLOYMENT_TARGET = 15.5;
				MTL_ENABLE_DEBUG_INFO = NO;
				MTL_FAST_MATH = YES;
				SDKROOT = iphoneos;
				SWIFT_COMPILATION_MODE = wholemodule;
				SWIFT_OPTIMIZATION_LEVEL = "-O";
				VALIDATE_PRODUCT = YES;
			};
			name = Release;
		};
		A2B3019A28C0594900D020B2 /* Debug */ = {
			isa = XCBuildConfiguration;
			baseConfigurationReference = 930A9A460249834034C5BE19 /* Pods-MemoProject.debug.xcconfig */;
			buildSettings = {
				ASSETCATALOG_COMPILER_APPICON_NAME = AppIcon;
				ASSETCATALOG_COMPILER_GLOBAL_ACCENT_COLOR_NAME = AccentColor;
				CODE_SIGN_STYLE = Automatic;
				CURRENT_PROJECT_VERSION = 1;
				DEVELOPMENT_TEAM = F7B353LPM3;
				GENERATE_INFOPLIST_FILE = YES;
				INFOPLIST_FILE = MemoProject/Info.plist;
				INFOPLIST_KEY_CFBundleDisplayName = "김도이";
				INFOPLIST_KEY_UIApplicationSupportsIndirectInputEvents = YES;
				INFOPLIST_KEY_UILaunchStoryboardName = LaunchScreen;
				INFOPLIST_KEY_UIMainStoryboardFile = Main;
				INFOPLIST_KEY_UISupportedInterfaceOrientations = UIInterfaceOrientationPortrait;
				INFOPLIST_KEY_UISupportedInterfaceOrientations_iPad = "UIInterfaceOrientationPortrait UIInterfaceOrientationPortraitUpsideDown UIInterfaceOrientationLandscapeLeft UIInterfaceOrientationLandscapeRight";
				INFOPLIST_KEY_UISupportedInterfaceOrientations_iPhone = UIInterfaceOrientationPortrait;
				IPHONEOS_DEPLOYMENT_TARGET = 15.0;
				LD_RUNPATH_SEARCH_PATHS = (
					"$(inherited)",
					"@executable_path/Frameworks",
				);
				MARKETING_VERSION = 1.0;
				PRODUCT_BUNDLE_IDENTIFIER = com.kimdee.MemoProject;
				PRODUCT_NAME = "$(TARGET_NAME)";
				SWIFT_EMIT_LOC_STRINGS = YES;
				SWIFT_VERSION = 5.0;
				TARGETED_DEVICE_FAMILY = 1;
			};
			name = Debug;
		};
		A2B3019B28C0594900D020B2 /* Release */ = {
			isa = XCBuildConfiguration;
			baseConfigurationReference = FCA89A43FDA1AEE70265714F /* Pods-MemoProject.release.xcconfig */;
			buildSettings = {
				ASSETCATALOG_COMPILER_APPICON_NAME = AppIcon;
				ASSETCATALOG_COMPILER_GLOBAL_ACCENT_COLOR_NAME = AccentColor;
				CODE_SIGN_STYLE = Automatic;
				CURRENT_PROJECT_VERSION = 1;
				DEVELOPMENT_TEAM = F7B353LPM3;
				GENERATE_INFOPLIST_FILE = YES;
				INFOPLIST_FILE = MemoProject/Info.plist;
				INFOPLIST_KEY_CFBundleDisplayName = "김도이";
				INFOPLIST_KEY_UIApplicationSupportsIndirectInputEvents = YES;
				INFOPLIST_KEY_UILaunchStoryboardName = LaunchScreen;
				INFOPLIST_KEY_UIMainStoryboardFile = Main;
				INFOPLIST_KEY_UISupportedInterfaceOrientations = UIInterfaceOrientationPortrait;
				INFOPLIST_KEY_UISupportedInterfaceOrientations_iPad = "UIInterfaceOrientationPortrait UIInterfaceOrientationPortraitUpsideDown UIInterfaceOrientationLandscapeLeft UIInterfaceOrientationLandscapeRight";
				INFOPLIST_KEY_UISupportedInterfaceOrientations_iPhone = UIInterfaceOrientationPortrait;
				IPHONEOS_DEPLOYMENT_TARGET = 15.0;
				LD_RUNPATH_SEARCH_PATHS = (
					"$(inherited)",
					"@executable_path/Frameworks",
				);
				MARKETING_VERSION = 1.0;
				PRODUCT_BUNDLE_IDENTIFIER = com.kimdee.MemoProject;
				PRODUCT_NAME = "$(TARGET_NAME)";
				SWIFT_EMIT_LOC_STRINGS = YES;
				SWIFT_VERSION = 5.0;
				TARGETED_DEVICE_FAMILY = 1;
			};
			name = Release;
		};
/* End XCBuildConfiguration section */

/* Begin XCConfigurationList section */
		A2B3018028C0594700D020B2 /* Build configuration list for PBXProject "MemoProject" */ = {
			isa = XCConfigurationList;
			buildConfigurations = (
				A2B3019728C0594900D020B2 /* Debug */,
				A2B3019828C0594900D020B2 /* Release */,
			);
			defaultConfigurationIsVisible = 0;
			defaultConfigurationName = Release;
		};
		A2B3019928C0594900D020B2 /* Build configuration list for PBXNativeTarget "MemoProject" */ = {
			isa = XCConfigurationList;
			buildConfigurations = (
				A2B3019A28C0594900D020B2 /* Debug */,
				A2B3019B28C0594900D020B2 /* Release */,
			);
			defaultConfigurationIsVisible = 0;
			defaultConfigurationName = Release;
		};
/* End XCConfigurationList section */

/* Begin XCRemoteSwiftPackageReference section */
		A2B301A428C0F67C00D020B2 /* XCRemoteSwiftPackageReference "SnapKit" */ = {
			isa = XCRemoteSwiftPackageReference;
			repositoryURL = "https://github.com/SnapKit/SnapKit";
			requirement = {
				kind = upToNextMajorVersion;
				minimumVersion = 5.0.0;
			};
		};
		A2B301A728C0F68E00D020B2 /* XCRemoteSwiftPackageReference "Then" */ = {
			isa = XCRemoteSwiftPackageReference;
			repositoryURL = "https://github.com/devxoul/Then";
			requirement = {
				kind = upToNextMajorVersion;
				minimumVersion = 3.0.0;
			};
		};
		A2B301AA28C0F71500D020B2 /* XCRemoteSwiftPackageReference "realm-swift" */ = {
			isa = XCRemoteSwiftPackageReference;
			repositoryURL = "https://github.com/realm/realm-swift.git";
			requirement = {
				kind = upToNextMajorVersion;
				minimumVersion = 10.0.0;
			};
		};
/* End XCRemoteSwiftPackageReference section */

/* Begin XCSwiftPackageProductDependency section */
		A2B301A528C0F67C00D020B2 /* SnapKit */ = {
			isa = XCSwiftPackageProductDependency;
			package = A2B301A428C0F67C00D020B2 /* XCRemoteSwiftPackageReference "SnapKit" */;
			productName = SnapKit;
		};
		A2B301A828C0F68E00D020B2 /* Then */ = {
			isa = XCSwiftPackageProductDependency;
			package = A2B301A728C0F68E00D020B2 /* XCRemoteSwiftPackageReference "Then" */;
			productName = Then;
		};
		A2B301AB28C0F71500D020B2 /* Realm */ = {
			isa = XCSwiftPackageProductDependency;
			package = A2B301AA28C0F71500D020B2 /* XCRemoteSwiftPackageReference "realm-swift" */;
			productName = Realm;
		};
		A2B301AD28C0F71500D020B2 /* RealmSwift */ = {
			isa = XCSwiftPackageProductDependency;
			package = A2B301AA28C0F71500D020B2 /* XCRemoteSwiftPackageReference "realm-swift" */;
			productName = RealmSwift;
		};
/* End XCSwiftPackageProductDependency section */
	};
	rootObject = A2B3017D28C0594700D020B2 /* Project object */;
}
